
Microsoft Visual Studio Solution File, Format Version 12.00
# Visual Studio Version 17
VisualStudioVersion = 17.8.34309.116
MinimumVisualStudioVersion = 10.0.40219.1
Project("{9A19103F-16F7-4668-BE54-9A1E7A4F7556}") = "SchoolWeb", "SchoolWeb\SchoolWeb.csproj", "{9E9A917A-8F47-4887-BD62-74E9DD0286AF}"
EndProject
Project("{9A19103F-16F7-4668-BE54-9A1E7A4F7556}") = "School.Infrastructure", "School.Infrastructure\School.Infrastructure.csproj", "{C5A19A15-2DDD-47C7-B465-9D5447338343}"
EndProject
Project("{9A19103F-16F7-4668-BE54-9A1E7A4F7556}") = "School.Domain", "School.Domain\School.Domain.csproj", "{FCCB3FD7-0167-413F-ADBA-D92556EB133D}"
EndProject
Project("{9A19103F-16F7-4668-BE54-9A1E7A4F7556}") = "School.Utility", "School.Utility\School.Utility.csproj", "{35BBF06C-2D08-43E5-AB35-6F527356A625}"
EndProject
Global
	GlobalSection(SolutionConfigurationPlatforms) = preSolution
		Debug|Any CPU = Debug|Any CPU
		Release|Any CPU = Release|Any CPU
	EndGlobalSection
	GlobalSection(ProjectConfigurationPlatforms) = postSolution
		{9E9A917A-8F47-4887-BD62-74E9DD0286AF}.Debug|Any CPU.ActiveCfg = Debug|Any CPU
		{9E9A917A-8F47-4887-BD62-74E9DD0286AF}.Debug|Any CPU.Build.0 = Debug|Any CPU
		{9E9A917A-8F47-4887-BD62-74E9DD0286AF}.Release|Any CPU.ActiveCfg = Release|Any CPU
		{9E9A917A-8F47-4887-BD62-74E9DD0286AF}.Release|Any CPU.Build.0 = Release|Any CPU
		{C5A19A15-2DDD-47C7-B465-9D5447338343}.Debug|Any CPU.ActiveCfg = Debug|Any CPU
		{C5A19A15-2DDD-47C7-B465-9D5447338343}.Debug|Any CPU.Build.0 = Debug|Any CPU
		{C5A19A15-2DDD-47C7-B465-9D5447338343}.Release|Any CPU.ActiveCfg = Release|Any CPU
		{C5A19A15-2DDD-47C7-B465-9D5447338343}.Release|Any CPU.Build.0 = Release|Any CPU
		{FCCB3FD7-0167-413F-ADBA-D92556EB133D}.Debug|Any CPU.ActiveCfg = Debug|Any CPU
		{FCCB3FD7-0167-413F-ADBA-D92556EB133D}.Debug|Any CPU.Build.0 = Debug|Any CPU
		{FCCB3FD7-0167-413F-ADBA-D92556EB133D}.Release|Any CPU.ActiveCfg = Release|Any CPU
		{FCCB3FD7-0167-413F-ADBA-D92556EB133D}.Release|Any CPU.Build.0 = Release|Any CPU
		{35BBF06C-2D08-43E5-AB35-6F527356A625}.Debug|Any CPU.ActiveCfg = Debug|Any CPU
		{35BBF06C-2D08-43E5-AB35-6F527356A625}.Debug|Any CPU.Build.0 = Debug|Any CPU
		{35BBF06C-2D08-43E5-AB35-6F527356A625}.Release|Any CPU.ActiveCfg = Release|Any CPU
		{35BBF06C-2D08-43E5-AB35-6F527356A625}.Release|Any CPU.Build.0 = Release|Any CPU
	EndGlobalSection
	GlobalSection(SolutionProperties) = preSolution
		HideSolutionNode = FALSE
	EndGlobalSection
	GlobalSection(ExtensibilityGlobals) = postSolution
		SolutionGuid = {3ED32097-9474-46FE-A6E4-4F66A44B1209}
	EndGlobalSection
EndGlobal
